
Microsoft Visual Studio Solution File, Format Version 12.00
# Visual Studio 15
VisualStudioVersion = 15.0.26124.0
MinimumVisualStudioVersion = 15.0.26124.0
Project("{2150E333-8FDC-42A3-9474-1A3956D46DE8}") = "src", "src", "{2A43A691-2EC2-4AD6-B49E-763B66C81686}"
EndProject
Project("{FAE04EC0-301F-11D3-BF4B-00C04F79EFBC}") = "Web", "src\Web\Web.csproj", "{42669FBE-F015-455F-93A9-808BEDF47B8D}"
EndProject
Project("{2150E333-8FDC-42A3-9474-1A3956D46DE8}") = "tests", "tests", "{9DF3C2F8-960D-48E9-BC4B-A9F5E0B2F4C0}"
EndProject
Project("{FAE04EC0-301F-11D3-BF4B-00C04F79EFBC}") = "FunctionalTests", "tests\FunctionalTests\FunctionalTests.csproj", "{5BE13F48-1CB6-45B2-8A06-7D5A84D8ABA1}"
EndProject
Project("{FAE04EC0-301F-11D3-BF4B-00C04F79EFBC}") = "IntegrationTests", "tests\IntegrationTests\IntegrationTests.csproj", "{B22333DF-CA64-4DD8-9B64-C983C3DFC3DF}"
EndProject
Project("{FAE04EC0-301F-11D3-BF4B-00C04F79EFBC}") = "UnitTests", "tests\UnitTests\UnitTests.csproj", "{DD32EE4F-CA75-4C0E-AFE3-313E1365FC8F}"
EndProject
Global
	GlobalSection(SolutionConfigurationPlatforms) = preSolution
		Debug|Any CPU = Debug|Any CPU
		Debug|x64 = Debug|x64
		Debug|x86 = Debug|x86
		Release|Any CPU = Release|Any CPU
		Release|x64 = Release|x64
		Release|x86 = Release|x86
	EndGlobalSection
	GlobalSection(SolutionProperties) = preSolution
		HideSolutionNode = FALSE
	EndGlobalSection
	GlobalSection(ProjectConfigurationPlatforms) = postSolution
		{42669FBE-F015-455F-93A9-808BEDF47B8D}.Debug|Any CPU.ActiveCfg = Debug|Any CPU
		{42669FBE-F015-455F-93A9-808BEDF47B8D}.Debug|Any CPU.Build.0 = Debug|Any CPU
		{42669FBE-F015-455F-93A9-808BEDF47B8D}.Debug|x64.ActiveCfg = Debug|Any CPU
		{42669FBE-F015-455F-93A9-808BEDF47B8D}.Debug|x64.Build.0 = Debug|Any CPU
		{42669FBE-F015-455F-93A9-808BEDF47B8D}.Debug|x86.ActiveCfg = Debug|Any CPU
		{42669FBE-F015-455F-93A9-808BEDF47B8D}.Debug|x86.Build.0 = Debug|Any CPU
		{42669FBE-F015-455F-93A9-808BEDF47B8D}.Release|Any CPU.ActiveCfg = Release|Any CPU
		{42669FBE-F015-455F-93A9-808BEDF47B8D}.Release|Any CPU.Build.0 = Release|Any CPU
		{42669FBE-F015-455F-93A9-808BEDF47B8D}.Release|x64.ActiveCfg = Release|Any CPU
		{42669FBE-F015-455F-93A9-808BEDF47B8D}.Release|x64.Build.0 = Release|Any CPU
		{42669FBE-F015-455F-93A9-808BEDF47B8D}.Release|x86.ActiveCfg = Release|Any CPU
		{42669FBE-F015-455F-93A9-808BEDF47B8D}.Release|x86.Build.0 = Release|Any CPU
		{5BE13F48-1CB6-45B2-8A06-7D5A84D8ABA1}.Debug|Any CPU.ActiveCfg = Debug|Any CPU
		{5BE13F48-1CB6-45B2-8A06-7D5A84D8ABA1}.Debug|Any CPU.Build.0 = Debug|Any CPU
		{5BE13F48-1CB6-45B2-8A06-7D5A84D8ABA1}.Debug|x64.ActiveCfg = Debug|Any CPU
		{5BE13F48-1CB6-45B2-8A06-7D5A84D8ABA1}.Debug|x64.Build.0 = Debug|Any CPU
		{5BE13F48-1CB6-45B2-8A06-7D5A84D8ABA1}.Debug|x86.ActiveCfg = Debug|Any CPU
		{5BE13F48-1CB6-45B2-8A06-7D5A84D8ABA1}.Debug|x86.Build.0 = Debug|Any CPU
		{5BE13F48-1CB6-45B2-8A06-7D5A84D8ABA1}.Release|Any CPU.ActiveCfg = Release|Any CPU
		{5BE13F48-1CB6-45B2-8A06-7D5A84D8ABA1}.Release|Any CPU.Build.0 = Release|Any CPU
		{5BE13F48-1CB6-45B2-8A06-7D5A84D8ABA1}.Release|x64.ActiveCfg = Release|Any CPU
		{5BE13F48-1CB6-45B2-8A06-7D5A84D8ABA1}.Release|x64.Build.0 = Release|Any CPU
		{5BE13F48-1CB6-45B2-8A06-7D5A84D8ABA1}.Release|x86.ActiveCfg = Release|Any CPU
		{5BE13F48-1CB6-45B2-8A06-7D5A84D8ABA1}.Release|x86.Build.0 = Release|Any CPU
		{B22333DF-CA64-4DD8-9B64-C983C3DFC3DF}.Debug|Any CPU.ActiveCfg = Debug|Any CPU
		{B22333DF-CA64-4DD8-9B64-C983C3DFC3DF}.Debug|Any CPU.Build.0 = Debug|Any CPU
		{B22333DF-CA64-4DD8-9B64-C983C3DFC3DF}.Debug|x64.ActiveCfg = Debug|Any CPU
		{B22333DF-CA64-4DD8-9B64-C983C3DFC3DF}.Debug|x64.Build.0 = Debug|Any CPU
		{B22333DF-CA64-4DD8-9B64-C983C3DFC3DF}.Debug|x86.ActiveCfg = Debug|Any CPU
		{B22333DF-CA64-4DD8-9B64-C983C3DFC3DF}.Debug|x86.Build.0 = Debug|Any CPU
		{B22333DF-CA64-4DD8-9B64-C983C3DFC3DF}.Release|Any CPU.ActiveCfg = Release|Any CPU
		{B22333DF-CA64-4DD8-9B64-C983C3DFC3DF}.Release|Any CPU.Build.0 = Release|Any CPU
		{B22333DF-CA64-4DD8-9B64-C983C3DFC3DF}.Release|x64.ActiveCfg = Release|Any CPU
		{B22333DF-CA64-4DD8-9B64-C983C3DFC3DF}.Release|x64.Build.0 = Release|Any CPU
		{B22333DF-CA64-4DD8-9B64-C983C3DFC3DF}.Release|x86.ActiveCfg = Release|Any CPU
		{B22333DF-CA64-4DD8-9B64-C983C3DFC3DF}.Release|x86.Build.0 = Release|Any CPU
		{DD32EE4F-CA75-4C0E-AFE3-313E1365FC8F}.Debug|Any CPU.ActiveCfg = Debug|Any CPU
		{DD32EE4F-CA75-4C0E-AFE3-313E1365FC8F}.Debug|Any CPU.Build.0 = Debug|Any CPU
		{DD32EE4F-CA75-4C0E-AFE3-313E1365FC8F}.Debug|x64.ActiveCfg = Debug|Any CPU
		{DD32EE4F-CA75-4C0E-AFE3-313E1365FC8F}.Debug|x64.Build.0 = Debug|Any CPU
		{DD32EE4F-CA75-4C0E-AFE3-313E1365FC8F}.Debug|x86.ActiveCfg = Debug|Any CPU
		{DD32EE4F-CA75-4C0E-AFE3-313E1365FC8F}.Debug|x86.Build.0 = Debug|Any CPU
		{DD32EE4F-CA75-4C0E-AFE3-313E1365FC8F}.Release|Any CPU.ActiveCfg = Release|Any CPU
		{DD32EE4F-CA75-4C0E-AFE3-313E1365FC8F}.Release|Any CPU.Build.0 = Release|Any CPU
		{DD32EE4F-CA75-4C0E-AFE3-313E1365FC8F}.Release|x64.ActiveCfg = Release|Any CPU
		{DD32EE4F-CA75-4C0E-AFE3-313E1365FC8F}.Release|x64.Build.0 = Release|Any CPU
		{DD32EE4F-CA75-4C0E-AFE3-313E1365FC8F}.Release|x86.ActiveCfg = Release|Any CPU
		{DD32EE4F-CA75-4C0E-AFE3-313E1365FC8F}.Release|x86.Build.0 = Release|Any CPU
	EndGlobalSection
	GlobalSection(NestedProjects) = preSolution
		{42669FBE-F015-455F-93A9-808BEDF47B8D} = {2A43A691-2EC2-4AD6-B49E-763B66C81686}
		{5BE13F48-1CB6-45B2-8A06-7D5A84D8ABA1} = {9DF3C2F8-960D-48E9-BC4B-A9F5E0B2F4C0}
		{B22333DF-CA64-4DD8-9B64-C983C3DFC3DF} = {9DF3C2F8-960D-48E9-BC4B-A9F5E0B2F4C0}
		{DD32EE4F-CA75-4C0E-AFE3-313E1365FC8F} = {9DF3C2F8-960D-48E9-BC4B-A9F5E0B2F4C0}
	EndGlobalSection
EndGlobal
